<Solution>
  <Folder Name="/contracts/">
    <Project Path="contracts/SingPlus.Contracts/SingPlus.Contracts.csproj" />
  </Folder>
  <Folder Name="/sdk/">
    <Project Path="sdk/SingPlus.Analyzers/SingPlus.Analyzers.csproj" />
    <Project Path="sdk/SingPlus.Generators/SingPlus.Generators.csproj" />
    <Project Path="sdk/SingPlus.Kernel.Sdk/SingPlus.Kernel.Sdk.csproj" />
    <Project Path="sdk/SingPlus.Sip.Sdk/SingPlus.Sip.Sdk.csproj" />
  </Folder>
  <Folder Name="/src/" />
  <Folder Name="/src/Drivers/">
    <Project Path="src/Drivers/SingPlus.Drivers/SingPlus.Drivers.csproj" />
  </Folder>
  <Folder Name="/src/Kernel/">
    <Project Path="src/Kernel/SingPlus.Kernel/SingPlus.Kernel.csproj" />
  </Folder>
  <Folder Name="/src/Kernel/Boot/">
    <Project Path="src/Kernel/Boot/SingPlus.Boot/SingPlus.Boot.csproj" />
  </Folder>
  <Folder Name="/src/Runtime/">
    <Project Path="src/Runtime/SingPlus.Runtime/SingPlus.Runtime.csproj" />
  </Folder>
  <Folder Name="/src/Sip/">
    <Project Path="src/Sip/SingPlus.Sip/SingPlus.Sip.csproj" />
  </Folder>
  <Folder Name="/tests/">
    <Project Path="tests/SingPlus.Tests/SingPlus.Tests.csproj" />
  </Folder>
</Solution>
